// !$*UTF8*$!
{
	archiveVersion = 1;
	classes = {
	};
	objectVersion = 46;
	objects = {

/* Begin PBXBuildFile section */
		A03FF5031DA03893006C34B3 /* AppDelegate.swift in Sources */ = {isa = PBXBuildFile; fileRef = A03FF5021DA03893006C34B3 /* AppDelegate.swift */; };
		A03FF5051DA03893006C34B3 /* ViewController.swift in Sources */ = {isa = PBXBuildFile; fileRef = A03FF5041DA03893006C34B3 /* ViewController.swift */; };
		A03FF5081DA03893006C34B3 /* Main.storyboard in Resources */ = {isa = PBXBuildFile; fileRef = A03FF5061DA03893006C34B3 /* Main.storyboard */; };
		A03FF50A1DA03893006C34B3 /* Assets.xcassets in Resources */ = {isa = PBXBuildFile; fileRef = A03FF5091DA03893006C34B3 /* Assets.xcassets */; };
		A03FF50D1DA03893006C34B3 /* LaunchScreen.storyboard in Resources */ = {isa = PBXBuildFile; fileRef = A03FF50B1DA03893006C34B3 /* LaunchScreen.storyboard */; };
/* End PBXBuildFile section */

/* Begin PBXFileReference section */
		A03FF4FF1DA03893006C34B3 /* ScrollableTabBar.app */ = {isa = PBXFileReference; explicitFileType = wrapper.application; includeInIndex = 0; path = ScrollableTabBar.app; sourceTree = BUILT_PRODUCTS_DIR; };
		A03FF5021DA03893006C34B3 /* AppDelegate.swift */ = {isa = PBXFileReference; lastKnownFileType = sourcecode.swift; path = AppDelegate.swift; sourceTree = "<group>"; };
		A03FF5041DA03893006C34B3 /* ViewController.swift */ = {isa = PBXFileReference; lastKnownFileType = sourcecode.swift; path = ViewController.swift; sourceTree = "<group>"; };
		A03FF5071DA03893006C34B3 /* Base */ = {isa = PBXFileReference; lastKnownFileType = file.storyboard; name = Base; path = Base.lproj/Main.storyboard; sourceTree = "<group>"; };
		A03FF5091DA03893006C34B3 /* Assets.xcassets */ = {isa = PBXFileReference; lastKnownFileType = folder.assetcatalog; path = Assets.xcassets; sourceTree = "<group>"; };
		A03FF50C1DA03893006C34B3 /* Base */ = {isa = PBXFileReference; lastKnownFileType = file.storyboard; name = Base; path = Base.lproj/LaunchScreen.storyboard; sourceTree = "<group>"; };
		A03FF50E1DA03893006C34B3 /* Info.plist */ = {isa = PBXFileReference; lastKnownFileType = text.plist.xml; path = Info.plist; sourceTree = "<group>"; };
/* End PBXFileReference section */

/* Begin PBXFrameworksBuildPhase section */
		A03FF4FC1DA03893006C34B3 /* Frameworks */ = {
			isa = PBXFrameworksBuildPhase;
			buildActionMask = 2147483647;
			files = (
			);
			runOnlyForDeploymentPostprocessing = 0;
		};
/* End PBXFrameworksBuildPhase section */

/* Begin PBXGroup section */
		A03FF4F61DA03893006C34B3 = {
			isa = PBXGroup;
			children = (
				A03FF5011DA03893006C34B3 /* ScrollableTabBar */,
				A03FF5001DA03893006C34B3 /* Products */,
			);
			sourceTree = "<group>";
		};
		A03FF5001DA03893006C34B3 /* Products */ = {
			isa = PBXGroup;
			children = (
				A03FF4FF1DA03893006C34B3 /* ScrollableTabBar.app */,
			);
			name = Products;
			sourceTree = "<group>";
		};
		A03FF5011DA03893006C34B3 /* ScrollableTabBar */ = {
			isa = PBXGroup;
			children = (
				A03FF5021DA03893006C34B3 /* AppDelegate.swift */,
				A03FF5041DA03893006C34B3 /* ViewController.swift */,
				A03FF5061DA03893006C34B3 /* Main.storyboard */,
				A03FF5091DA03893006C34B3 /* Assets.xcassets */,
				A03FF50B1DA03893006C34B3 /* LaunchScreen.storyboard */,
				A03FF50E1DA03893006C34B3 /* Info.plist */,
			);
			path = ScrollableTabBar;
			sourceTree = "<group>";
		};
/* End PBXGroup section */

/* Begin PBXNativeTarget section */
		A03FF4FE1DA03893006C34B3 /* ScrollableTabBar */ = {
			isa = PBXNativeTarget;
			buildConfigurationList = A03FF5111DA03893006C34B3 /* Build configuration list for PBXNativeTarget "ScrollableTabBar" */;
			buildPhases = (
				A03FF4FB1DA03893006C34B3 /* Sources */,
				A03FF4FC1DA03893006C34B3 /* Frameworks */,
				A03FF4FD1DA03893006C34B3 /* Resources */,
			);
			buildRules = (
			);
			dependencies = (
			);
			name = ScrollableTabBar;
			productName = ScrollableTabBar;
			productReference = A03FF4FF1DA03893006C34B3 /* ScrollableTabBar.app */;
			productType = "com.apple.product-type.application";
		};
/* End PBXNativeTarget section */

/* Begin PBXProject section */
		A03FF4F71DA03893006C34B3 /* Project object */ = {
			isa = PBXProject;
			attributes = {
				LastSwiftUpdateCheck = 0730;
				LastUpgradeCheck = 0730;
				ORGANIZATIONNAME = Domene;
				TargetAttributes = {
					A03FF4FE1DA03893006C34B3 = {
						CreatedOnToolsVersion = 7.3.1;
						DevelopmentTeam = 8VWQC7JGT6;
					};
				};
			};
			buildConfigurationList = A03FF4FA1DA03893006C34B3 /* Build configuration list for PBXProject "ScrollableTabBar" */;
			compatibilityVersion = "Xcode 3.2";
			developmentRegion = English;
			hasScannedForEncodings = 0;
			knownRegions = (
				en,
				Base,
			);
			mainGroup = A03FF4F61DA03893006C34B3;
			productRefGroup = A03FF5001DA03893006C34B3 /* Products */;
			projectDirPath = "";
			projectRoot = "";
			targets = (
				A03FF4FE1DA03893006C34B3 /* ScrollableTabBar */,
			);
		};
/* End PBXProject section */

/* Begin PBXResourcesBuildPhase section */
		A03FF4FD1DA03893006C34B3 /* Resources */ = {
			isa = PBXResourcesBuildPhase;
			buildActionMask = 2147483647;
			files = (
				A03FF50D1DA03893006C34B3 /* LaunchScreen.storyboard in Resources */,
				A03FF50A1DA03893006C34B3 /* Assets.xcassets in Resources */,
				A03FF5081DA03893006C34B3 /* Main.storyboard in Resources */,
			);
			runOnlyForDeploymentPostprocessing = 0;
		};
/* End PBXResourcesBuildPhase section */

/* Begin PBXSourcesBuildPhase section */
		A03FF4FB1DA03893006C34B3 /* Sources */ = {
			isa = PBXSourcesBuildPhase;
			buildActionMask = 2147483647;
			files = (
				A03FF5051DA03893006C34B3 /* ViewController.swift in Sources */,
				A03FF5031DA03893006C34B3 /* AppDelegate.swift in Sources */,
			);
			runOnlyForDeploymentPostprocessing = 0;
		};
/* End PBXSourcesBuildPhase section */

/* Begin PBXVariantGroup section */
		A03FF5061DA03893006C34B3 /* Main.storyboard */ = {
			isa = PBXVariantGroup;
			children = (
				A03FF5071DA03893006C34B3 /* Base */,
			);
			name = Main.storyboard;
			sourceTree = "<group>";
		};
		A03FF50B1DA03893006C34B3 /* LaunchScreen.storyboard */ = {
			isa = PBXVariantGroup;
			children = (
				A03FF50C1DA03893006C34B3 /* Base */,
			);
			name = LaunchScreen.storyboard;
			sourceTree = "<group>";
		};
/* End PBXVariantGroup section */

/* Begin XCBuildConfiguration section */
		A03FF50F1DA03893006C34B3 /* Debug */ = {
			isa = XCBuildConfiguration;
			buildSettings = {
				ALWAYS_SEARCH_USER_PATHS = NO;
				CLANG_ANALYZER_NONNULL = YES;
				CLANG_CXX_LANGUAGE_STANDARD = "gnu++0x";
				CLANG_CXX_LIBRARY = "libc++";
				CLANG_ENABLE_MODULES = YES;
				CLANG_ENABLE_OBJC_ARC = YES;
				CLANG_WARN_BOOL_CONVERSION = YES;
				CLANG_WARN_CONSTANT_CONVERSION = YES;
				CLANG_WARN_DIRECT_OBJC_ISA_USAGE = YES_ERROR;
				CLANG_WARN_EMPTY_BODY = YES;
				CLANG_WARN_ENUM_CONVERSION = YES;
				CLANG_WARN_INT_CONVERSION = YES;
				CLANG_WARN_OBJC_ROOT_CLASS = YES_ERROR;
				CLANG_WARN_UNREACHABLE_CODE = YES;
				CLANG_WARN__DUPLICATE_METHOD_MATCH = YES;
				"CODE_SIGN_IDENTITY[sdk=iphoneos*]" = "iPhone Developer";
				COPY_PHASE_STRIP = NO;
				DEBUG_INFORMATION_FORMAT = dwarf;
				ENABLE_STRICT_OBJC_MSGSEND = YES;
				ENABLE_TESTABILITY = YES;
				GCC_C_LANGUAGE_STANDARD = gnu99;
				GCC_DYNAMIC_NO_PIC = NO;
				GCC_NO_COMMON_BLOCKS = YES;
				GCC_OPTIMIZATION_LEVEL = 0;
				GCC_PREPROCESSOR_DEFINITIONS = (
					"DEBUG=1",
					"$(inherited)",
				);
				GCC_WARN_64_TO_32_BIT_CONVERSION = YES;
				GCC_WARN_ABOUT_RETURN_TYPE = YES_ERROR;
				GCC_WARN_UNDECLARED_SELECTOR = YES;
				GCC_WARN_UNINITIALIZED_AUTOS = YES_AGGRESSIVE;
				GCC_WARN_UNUSED_FUNCTION = YES;
				GCC_WARN_UNUSED_VARIABLE = YES;
				IPHONEOS_DEPLOYMENT_TARGET = 9.3;
				MTL_ENABLE_DEBUG_INFO = YES;
				ONLY_ACTIVE_ARCH = YES;
				SDKROOT = iphoneos;
				SWIFT_OPTIMIZATION_LEVEL = "-Onone";
				TARGETED_DEVICE_FAMILY = "1,2";
			};
			name = Debug;
		};
		A03FF5101DA03893006C34B3 /* Release */ = {
			isa = XCBuildConfiguration;
			buildSettings = {
				ALWAYS_SEARCH_USER_PATHS = NO;
				CLANG_ANALYZER_NONNULL = YES;
				CLANG_CXX_LANGUAGE_STANDARD = "gnu++0x";
				CLANG_CXX_LIBRARY = "libc++";
				CLANG_ENABLE_MODULES = YES;
				CLANG_ENABLE_OBJC_ARC = YES;
				CLANG_WARN_BOOL_CONVERSION = YES;
				CLANG_WARN_CONSTANT_CONVERSION = YES;
				CLANG_WARN_DIRECT_OBJC_ISA_USAGE = YES_ERROR;
				CLANG_WARN_EMPTY_BODY = YES;
				CLANG_WARN_ENUM_CONVERSION = YES;
				CLANG_WARN_INT_CONVERSION = YES;
				CLANG_WARN_OBJC_ROOT_CLASS = YES_ERROR;
				CLANG_WARN_UNREACHABLE_CODE = YES;
				CLANG_WARN__DUPLICATE_METHOD_MATCH = YES;
				"CODE_SIGN_IDENTITY[sdk=iphoneos*]" = "iPhone Developer";
				COPY_PHASE_STRIP = NO;
				DEBUG_INFORMATION_FORMAT = "dwarf-with-dsym";
				ENABLE_NS_ASSERTIONS = NO;
				ENABLE_STRICT_OBJC_MSGSEND = YES;
				GCC_C_LANGUAGE_STANDARD = gnu99;
				GCC_NO_COMMON_BLOCKS = YES;
				GCC_WARN_64_TO_32_BIT_CONVERSION = YES;
				GCC_WARN_ABOUT_RETURN_TYPE = YES_ERROR;
				GCC_WARN_UNDECLARED_SELECTOR = YES;
				GCC_WARN_UNINITIALIZED_AUTOS = YES_AGGRESSIVE;
				GCC_WARN_UNUSED_FUNCTION = YES;
				GCC_WARN_UNUSED_VARIABLE = YES;
				IPHONEOS_DEPLOYMENT_TARGET = 9.3;
				MTL_ENABLE_DEBUG_INFO = NO;
				SDKROOT = iphoneos;
				TARGETED_DEVICE_FAMILY = "1,2";
				VALIDATE_PRODUCT = YES;
			};
			name = Release;
		};
		A03FF5121DA03893006C34B3 /* Debug */ = {
			isa = XCBuildConfiguration;
			buildSettings = {
				ASSETCATALOG_COMPILER_APPICON_NAME = AppIcon;
				INFOPLIST_FILE = ScrollableTabBar/Info.plist;
				LD_RUNPATH_SEARCH_PATHS = "$(inherited) @executable_path/Frameworks";
				PRODUCT_BUNDLE_IDENTIFIER = com.domene.ScrollableTabBar;
				PRODUCT_NAME = "$(TARGET_NAME)";
			};
			name = Debug;
		};
		A03FF5131DA03893006C34B3 /* Release */ = {
			isa = XCBuildConfiguration;
			buildSettings = {
				ASSETCATALOG_COMPILER_APPICON_NAME = AppIcon;
				INFOPLIST_FILE = ScrollableTabBar/Info.plist;
				LD_RUNPATH_SEARCH_PATHS = "$(inherited) @executable_path/Frameworks";
				PRODUCT_BUNDLE_IDENTIFIER = com.domene.ScrollableTabBar;
				PRODUCT_NAME = "$(TARGET_NAME)";
			};
			name = Release;
		};
/* End XCBuildConfiguration section */

/* Begin XCConfigurationList section */
		A03FF4FA1DA03893006C34B3 /* Build configuration list for PBXProject "ScrollableTabBar" */ = {
			isa = XCConfigurationList;
			buildConfigurations = (
				A03FF50F1DA03893006C34B3 /* Debug */,
				A03FF5101DA03893006C34B3 /* Release */,
			);
			defaultConfigurationIsVisible = 0;
			defaultConfigurationName = Release;
		};
		A03FF5111DA03893006C34B3 /* Build configuration list for PBXNativeTarget "ScrollableTabBar" */ = {
			isa = XCConfigurationList;
			buildConfigurations = (
				A03FF5121DA03893006C34B3 /* Debug */,
				A03FF5131DA03893006C34B3 /* Release */,
			);
			defaultConfigurationIsVisible = 0;
		};
/* End XCConfigurationList section */
	};
	rootObject = A03FF4F71DA03893006C34B3 /* Project object */;
}
