// !$*UTF8*$!
{
	archiveVersion = 1;
	classes = {
	};
	objectVersion = 46;
	objects = {

/* Begin PBXBuildFile section */
		A03E554C1D874EDC004CB247 /* AppDelegate.swift in Sources */ = {isa = PBXBuildFile; fileRef = A03E554B1D874EDC004CB247 /* AppDelegate.swift */; };
		A03E554E1D874EDC004CB247 /* ViewController.swift in Sources */ = {isa = PBXBuildFile; fileRef = A03E554D1D874EDC004CB247 /* ViewController.swift */; };
		A03E55511D874EDC004CB247 /* Main.storyboard in Resources */ = {isa = PBXBuildFile; fileRef = A03E554F1D874EDC004CB247 /* Main.storyboard */; };
		A03E55531D874EDC004CB247 /* Assets.xcassets in Resources */ = {isa = PBXBuildFile; fileRef = A03E55521D874EDC004CB247 /* Assets.xcassets */; };
		A03E55561D874EDC004CB247 /* LaunchScreen.storyboard in Resources */ = {isa = PBXBuildFile; fileRef = A03E55541D874EDC004CB247 /* LaunchScreen.storyboard */; };
		A03E555E1D874F70004CB247 /* Line.swift in Sources */ = {isa = PBXBuildFile; fileRef = A03E555D1D874F70004CB247 /* Line.swift */; };
		A03E55601D875022004CB247 /* DrawView.swift in Sources */ = {isa = PBXBuildFile; fileRef = A03E555F1D875022004CB247 /* DrawView.swift */; };
/* End PBXBuildFile section */

/* Begin PBXFileReference section */
		A03E55481D874EDC004CB247 /* TouchTracker.app */ = {isa = PBXFileReference; explicitFileType = wrapper.application; includeInIndex = 0; path = TouchTracker.app; sourceTree = BUILT_PRODUCTS_DIR; };
		A03E554B1D874EDC004CB247 /* AppDelegate.swift */ = {isa = PBXFileReference; lastKnownFileType = sourcecode.swift; path = AppDelegate.swift; sourceTree = "<group>"; };
		A03E554D1D874EDC004CB247 /* ViewController.swift */ = {isa = PBXFileReference; lastKnownFileType = sourcecode.swift; path = ViewController.swift; sourceTree = "<group>"; };
		A03E55501D874EDC004CB247 /* Base */ = {isa = PBXFileReference; lastKnownFileType = file.storyboard; name = Base; path = Base.lproj/Main.storyboard; sourceTree = "<group>"; };
		A03E55521D874EDC004CB247 /* Assets.xcassets */ = {isa = PBXFileReference; lastKnownFileType = folder.assetcatalog; path = Assets.xcassets; sourceTree = "<group>"; };
		A03E55551D874EDC004CB247 /* Base */ = {isa = PBXFileReference; lastKnownFileType = file.storyboard; name = Base; path = Base.lproj/LaunchScreen.storyboard; sourceTree = "<group>"; };
		A03E55571D874EDC004CB247 /* Info.plist */ = {isa = PBXFileReference; lastKnownFileType = text.plist.xml; path = Info.plist; sourceTree = "<group>"; };
		A03E555D1D874F70004CB247 /* Line.swift */ = {isa = PBXFileReference; fileEncoding = 4; lastKnownFileType = sourcecode.swift; path = Line.swift; sourceTree = "<group>"; };
		A03E555F1D875022004CB247 /* DrawView.swift */ = {isa = PBXFileReference; fileEncoding = 4; lastKnownFileType = sourcecode.swift; path = DrawView.swift; sourceTree = "<group>"; };
/* End PBXFileReference section */

/* Begin PBXFrameworksBuildPhase section */
		A03E55451D874EDC004CB247 /* Frameworks */ = {
			isa = PBXFrameworksBuildPhase;
			buildActionMask = 2147483647;
			files = (
			);
			runOnlyForDeploymentPostprocessing = 0;
		};
/* End PBXFrameworksBuildPhase section */

/* Begin PBXGroup section */
		A03E553F1D874EDC004CB247 = {
			isa = PBXGroup;
			children = (
				A03E554A1D874EDC004CB247 /* TouchTracker */,
				A03E55491D874EDC004CB247 /* Products */,
			);
			sourceTree = "<group>";
		};
		A03E55491D874EDC004CB247 /* Products */ = {
			isa = PBXGroup;
			children = (
				A03E55481D874EDC004CB247 /* TouchTracker.app */,
			);
			name = Products;
			sourceTree = "<group>";
		};
		A03E554A1D874EDC004CB247 /* TouchTracker */ = {
			isa = PBXGroup;
			children = (
				A03E55871D8797EB004CB247 /* Views */,
				A03E55861D8797DF004CB247 /* ViewControllers */,
				A03E55851D8797D3004CB247 /* Models */,
				A03E554F1D874EDC004CB247 /* Main.storyboard */,
				A03E55521D874EDC004CB247 /* Assets.xcassets */,
				A03E55541D874EDC004CB247 /* LaunchScreen.storyboard */,
				A03E55571D874EDC004CB247 /* Info.plist */,
			);
			path = TouchTracker;
			sourceTree = "<group>";
		};
		A03E55851D8797D3004CB247 /* Models */ = {
			isa = PBXGroup;
			children = (
				A03E555D1D874F70004CB247 /* Line.swift */,
			);
			name = Models;
			sourceTree = "<group>";
		};
		A03E55861D8797DF004CB247 /* ViewControllers */ = {
			isa = PBXGroup;
			children = (
				A03E554D1D874EDC004CB247 /* ViewController.swift */,
				A03E554B1D874EDC004CB247 /* AppDelegate.swift */,
			);
			name = ViewControllers;
			sourceTree = "<group>";
		};
		A03E55871D8797EB004CB247 /* Views */ = {
			isa = PBXGroup;
			children = (
				A03E555F1D875022004CB247 /* DrawView.swift */,
			);
			name = Views;
			sourceTree = "<group>";
		};
/* End PBXGroup section */

/* Begin PBXNativeTarget section */
		A03E55471D874EDC004CB247 /* TouchTracker */ = {
			isa = PBXNativeTarget;
			buildConfigurationList = A03E555A1D874EDC004CB247 /* Build configuration list for PBXNativeTarget "TouchTracker" */;
			buildPhases = (
				A03E55441D874EDC004CB247 /* Sources */,
				A03E55451D874EDC004CB247 /* Frameworks */,
				A03E55461D874EDC004CB247 /* Resources */,
			);
			buildRules = (
			);
			dependencies = (
			);
			name = TouchTracker;
			productName = TouchTracker;
			productReference = A03E55481D874EDC004CB247 /* TouchTracker.app */;
			productType = "com.apple.product-type.application";
		};
/* End PBXNativeTarget section */

/* Begin PBXProject section */
		A03E55401D874EDC004CB247 /* Project object */ = {
			isa = PBXProject;
			attributes = {
				LastSwiftUpdateCheck = 0730;
				LastUpgradeCheck = 0730;
				ORGANIZATIONNAME = Domene;
				TargetAttributes = {
					A03E55471D874EDC004CB247 = {
						CreatedOnToolsVersion = 7.3.1;
						DevelopmentTeam = 8VWQC7JGT6;
					};
				};
			};
			buildConfigurationList = A03E55431D874EDC004CB247 /* Build configuration list for PBXProject "TouchTracker" */;
			compatibilityVersion = "Xcode 3.2";
			developmentRegion = English;
			hasScannedForEncodings = 0;
			knownRegions = (
				en,
				Base,
			);
			mainGroup = A03E553F1D874EDC004CB247;
			productRefGroup = A03E55491D874EDC004CB247 /* Products */;
			projectDirPath = "";
			projectRoot = "";
			targets = (
				A03E55471D874EDC004CB247 /* TouchTracker */,
			);
		};
/* End PBXProject section */

/* Begin PBXResourcesBuildPhase section */
		A03E55461D874EDC004CB247 /* Resources */ = {
			isa = PBXResourcesBuildPhase;
			buildActionMask = 2147483647;
			files = (
				A03E55561D874EDC004CB247 /* LaunchScreen.storyboard in Resources */,
				A03E55531D874EDC004CB247 /* Assets.xcassets in Resources */,
				A03E55511D874EDC004CB247 /* Main.storyboard in Resources */,
			);
			runOnlyForDeploymentPostprocessing = 0;
		};
/* End PBXResourcesBuildPhase section */

/* Begin PBXSourcesBuildPhase section */
		A03E55441D874EDC004CB247 /* Sources */ = {
			isa = PBXSourcesBuildPhase;
			buildActionMask = 2147483647;
			files = (
				A03E555E1D874F70004CB247 /* Line.swift in Sources */,
				A03E554E1D874EDC004CB247 /* ViewController.swift in Sources */,
				A03E55601D875022004CB247 /* DrawView.swift in Sources */,
				A03E554C1D874EDC004CB247 /* AppDelegate.swift in Sources */,
			);
			runOnlyForDeploymentPostprocessing = 0;
		};
/* End PBXSourcesBuildPhase section */

/* Begin PBXVariantGroup section */
		A03E554F1D874EDC004CB247 /* Main.storyboard */ = {
			isa = PBXVariantGroup;
			children = (
				A03E55501D874EDC004CB247 /* Base */,
			);
			name = Main.storyboard;
			sourceTree = "<group>";
		};
		A03E55541D874EDC004CB247 /* LaunchScreen.storyboard */ = {
			isa = PBXVariantGroup;
			children = (
				A03E55551D874EDC004CB247 /* Base */,
			);
			name = LaunchScreen.storyboard;
			sourceTree = "<group>";
		};
/* End PBXVariantGroup section */

/* Begin XCBuildConfiguration section */
		A03E55581D874EDC004CB247 /* Debug */ = {
			isa = XCBuildConfiguration;
			buildSettings = {
				ALWAYS_SEARCH_USER_PATHS = NO;
				CLANG_ANALYZER_NONNULL = YES;
				CLANG_CXX_LANGUAGE_STANDARD = "gnu++0x";
				CLANG_CXX_LIBRARY = "libc++";
				CLANG_ENABLE_MODULES = YES;
				CLANG_ENABLE_OBJC_ARC = YES;
				CLANG_WARN_BOOL_CONVERSION = YES;
				CLANG_WARN_CONSTANT_CONVERSION = YES;
				CLANG_WARN_DIRECT_OBJC_ISA_USAGE = YES_ERROR;
				CLANG_WARN_EMPTY_BODY = YES;
				CLANG_WARN_ENUM_CONVERSION = YES;
				CLANG_WARN_INT_CONVERSION = YES;
				CLANG_WARN_OBJC_ROOT_CLASS = YES_ERROR;
				CLANG_WARN_UNREACHABLE_CODE = YES;
				CLANG_WARN__DUPLICATE_METHOD_MATCH = YES;
				"CODE_SIGN_IDENTITY[sdk=iphoneos*]" = "iPhone Developer";
				COPY_PHASE_STRIP = NO;
				DEBUG_INFORMATION_FORMAT = dwarf;
				ENABLE_STRICT_OBJC_MSGSEND = YES;
				ENABLE_TESTABILITY = YES;
				GCC_C_LANGUAGE_STANDARD = gnu99;
				GCC_DYNAMIC_NO_PIC = NO;
				GCC_NO_COMMON_BLOCKS = YES;
				GCC_OPTIMIZATION_LEVEL = 0;
				GCC_PREPROCESSOR_DEFINITIONS = (
					"DEBUG=1",
					"$(inherited)",
				);
				GCC_WARN_64_TO_32_BIT_CONVERSION = YES;
				GCC_WARN_ABOUT_RETURN_TYPE = YES_ERROR;
				GCC_WARN_UNDECLARED_SELECTOR = YES;
				GCC_WARN_UNINITIALIZED_AUTOS = YES_AGGRESSIVE;
				GCC_WARN_UNUSED_FUNCTION = YES;
				GCC_WARN_UNUSED_VARIABLE = YES;
				IPHONEOS_DEPLOYMENT_TARGET = 9.3;
				MTL_ENABLE_DEBUG_INFO = YES;
				ONLY_ACTIVE_ARCH = YES;
				SDKROOT = iphoneos;
				SWIFT_OPTIMIZATION_LEVEL = "-Onone";
				TARGETED_DEVICE_FAMILY = "1,2";
			};
			name = Debug;
		};
		A03E55591D874EDC004CB247 /* Release */ = {
			isa = XCBuildConfiguration;
			buildSettings = {
				ALWAYS_SEARCH_USER_PATHS = NO;
				CLANG_ANALYZER_NONNULL = YES;
				CLANG_CXX_LANGUAGE_STANDARD = "gnu++0x";
				CLANG_CXX_LIBRARY = "libc++";
				CLANG_ENABLE_MODULES = YES;
				CLANG_ENABLE_OBJC_ARC = YES;
				CLANG_WARN_BOOL_CONVERSION = YES;
				CLANG_WARN_CONSTANT_CONVERSION = YES;
				CLANG_WARN_DIRECT_OBJC_ISA_USAGE = YES_ERROR;
				CLANG_WARN_EMPTY_BODY = YES;
				CLANG_WARN_ENUM_CONVERSION = YES;
				CLANG_WARN_INT_CONVERSION = YES;
				CLANG_WARN_OBJC_ROOT_CLASS = YES_ERROR;
				CLANG_WARN_UNREACHABLE_CODE = YES;
				CLANG_WARN__DUPLICATE_METHOD_MATCH = YES;
				"CODE_SIGN_IDENTITY[sdk=iphoneos*]" = "iPhone Developer";
				COPY_PHASE_STRIP = NO;
				DEBUG_INFORMATION_FORMAT = "dwarf-with-dsym";
				ENABLE_NS_ASSERTIONS = NO;
				ENABLE_STRICT_OBJC_MSGSEND = YES;
				GCC_C_LANGUAGE_STANDARD = gnu99;
				GCC_NO_COMMON_BLOCKS = YES;
				GCC_WARN_64_TO_32_BIT_CONVERSION = YES;
				GCC_WARN_ABOUT_RETURN_TYPE = YES_ERROR;
				GCC_WARN_UNDECLARED_SELECTOR = YES;
				GCC_WARN_UNINITIALIZED_AUTOS = YES_AGGRESSIVE;
				GCC_WARN_UNUSED_FUNCTION = YES;
				GCC_WARN_UNUSED_VARIABLE = YES;
				IPHONEOS_DEPLOYMENT_TARGET = 9.3;
				MTL_ENABLE_DEBUG_INFO = NO;
				SDKROOT = iphoneos;
				TARGETED_DEVICE_FAMILY = "1,2";
				VALIDATE_PRODUCT = YES;
			};
			name = Release;
		};
		A03E555B1D874EDC004CB247 /* Debug */ = {
			isa = XCBuildConfiguration;
			buildSettings = {
				ASSETCATALOG_COMPILER_APPICON_NAME = AppIcon;
				INFOPLIST_FILE = TouchTracker/Info.plist;
				LD_RUNPATH_SEARCH_PATHS = "$(inherited) @executable_path/Frameworks";
				PRODUCT_BUNDLE_IDENTIFIER = com.domene.TouchTracker;
				PRODUCT_NAME = "$(TARGET_NAME)";
			};
			name = Debug;
		};
		A03E555C1D874EDC004CB247 /* Release */ = {
			isa = XCBuildConfiguration;
			buildSettings = {
				ASSETCATALOG_COMPILER_APPICON_NAME = AppIcon;
				INFOPLIST_FILE = TouchTracker/Info.plist;
				LD_RUNPATH_SEARCH_PATHS = "$(inherited) @executable_path/Frameworks";
				PRODUCT_BUNDLE_IDENTIFIER = com.domene.TouchTracker;
				PRODUCT_NAME = "$(TARGET_NAME)";
			};
			name = Release;
		};
/* End XCBuildConfiguration section */

/* Begin XCConfigurationList section */
		A03E55431D874EDC004CB247 /* Build configuration list for PBXProject "TouchTracker" */ = {
			isa = XCConfigurationList;
			buildConfigurations = (
				A03E55581D874EDC004CB247 /* Debug */,
				A03E55591D874EDC004CB247 /* Release */,
			);
			defaultConfigurationIsVisible = 0;
			defaultConfigurationName = Release;
		};
		A03E555A1D874EDC004CB247 /* Build configuration list for PBXNativeTarget "TouchTracker" */ = {
			isa = XCConfigurationList;
			buildConfigurations = (
				A03E555B1D874EDC004CB247 /* Debug */,
				A03E555C1D874EDC004CB247 /* Release */,
			);
			defaultConfigurationIsVisible = 0;
			defaultConfigurationName = Release;
		};
/* End XCConfigurationList section */
	};
	rootObject = A03E55401D874EDC004CB247 /* Project object */;
}
