// !$*UTF8*$!
{
	archiveVersion = 1;
	classes = {
	};
	objectVersion = 46;
	objects = {

/* Begin PBXBuildFile section */
		A00087461D7F69460087CECC /* AppDelegate.swift in Sources */ = {isa = PBXBuildFile; fileRef = A00087451D7F69460087CECC /* AppDelegate.swift */; };
		A000874B1D7F69460087CECC /* Main.storyboard in Resources */ = {isa = PBXBuildFile; fileRef = A00087491D7F69460087CECC /* Main.storyboard */; };
		A000874D1D7F69460087CECC /* Assets.xcassets in Resources */ = {isa = PBXBuildFile; fileRef = A000874C1D7F69460087CECC /* Assets.xcassets */; };
		A00087501D7F69460087CECC /* LaunchScreen.storyboard in Resources */ = {isa = PBXBuildFile; fileRef = A000874E1D7F69460087CECC /* LaunchScreen.storyboard */; };
		A00087581D7F69FE0087CECC /* ItemsViewController.swift in Sources */ = {isa = PBXBuildFile; fileRef = A00087571D7F69FE0087CECC /* ItemsViewController.swift */; };
		A000875A1D7F6AA10087CECC /* File.swift in Sources */ = {isa = PBXBuildFile; fileRef = A00087591D7F6AA10087CECC /* File.swift */; };
		A000875C1D7F6DFC0087CECC /* ItemStore.swift in Sources */ = {isa = PBXBuildFile; fileRef = A000875B1D7F6DFC0087CECC /* ItemStore.swift */; };
		A000875E1D808A760087CECC /* ItemCell.swift in Sources */ = {isa = PBXBuildFile; fileRef = A000875D1D808A760087CECC /* ItemCell.swift */; };
		A092498F1D809EEE0005A988 /* DetailViewController.swift in Sources */ = {isa = PBXBuildFile; fileRef = A092498E1D809EEE0005A988 /* DetailViewController.swift */; };
/* End PBXBuildFile section */

/* Begin PBXFileReference section */
		A00087421D7F69460087CECC /* Homepwner.app */ = {isa = PBXFileReference; explicitFileType = wrapper.application; includeInIndex = 0; path = Homepwner.app; sourceTree = BUILT_PRODUCTS_DIR; };
		A00087451D7F69460087CECC /* AppDelegate.swift */ = {isa = PBXFileReference; lastKnownFileType = sourcecode.swift; path = AppDelegate.swift; sourceTree = "<group>"; };
		A000874A1D7F69460087CECC /* Base */ = {isa = PBXFileReference; lastKnownFileType = file.storyboard; name = Base; path = Base.lproj/Main.storyboard; sourceTree = "<group>"; };
		A000874C1D7F69460087CECC /* Assets.xcassets */ = {isa = PBXFileReference; lastKnownFileType = folder.assetcatalog; path = Assets.xcassets; sourceTree = "<group>"; };
		A000874F1D7F69460087CECC /* Base */ = {isa = PBXFileReference; lastKnownFileType = file.storyboard; name = Base; path = Base.lproj/LaunchScreen.storyboard; sourceTree = "<group>"; };
		A00087511D7F69460087CECC /* Info.plist */ = {isa = PBXFileReference; lastKnownFileType = text.plist.xml; path = Info.plist; sourceTree = "<group>"; };
		A00087571D7F69FE0087CECC /* ItemsViewController.swift */ = {isa = PBXFileReference; fileEncoding = 4; lastKnownFileType = sourcecode.swift; path = ItemsViewController.swift; sourceTree = "<group>"; };
		A00087591D7F6AA10087CECC /* File.swift */ = {isa = PBXFileReference; fileEncoding = 4; lastKnownFileType = sourcecode.swift; path = File.swift; sourceTree = "<group>"; };
		A000875B1D7F6DFC0087CECC /* ItemStore.swift */ = {isa = PBXFileReference; fileEncoding = 4; lastKnownFileType = sourcecode.swift; path = ItemStore.swift; sourceTree = "<group>"; };
		A000875D1D808A760087CECC /* ItemCell.swift */ = {isa = PBXFileReference; fileEncoding = 4; lastKnownFileType = sourcecode.swift; path = ItemCell.swift; sourceTree = "<group>"; };
		A092498E1D809EEE0005A988 /* DetailViewController.swift */ = {isa = PBXFileReference; fileEncoding = 4; lastKnownFileType = sourcecode.swift; path = DetailViewController.swift; sourceTree = "<group>"; };
/* End PBXFileReference section */

/* Begin PBXFrameworksBuildPhase section */
		A000873F1D7F69460087CECC /* Frameworks */ = {
			isa = PBXFrameworksBuildPhase;
			buildActionMask = 2147483647;
			files = (
			);
			runOnlyForDeploymentPostprocessing = 0;
		};
/* End PBXFrameworksBuildPhase section */

/* Begin PBXGroup section */
		A00087391D7F69460087CECC = {
			isa = PBXGroup;
			children = (
				A00087441D7F69460087CECC /* Homepwner */,
				A00087431D7F69460087CECC /* Products */,
			);
			sourceTree = "<group>";
		};
		A00087431D7F69460087CECC /* Products */ = {
			isa = PBXGroup;
			children = (
				A00087421D7F69460087CECC /* Homepwner.app */,
			);
			name = Products;
			sourceTree = "<group>";
		};
		A00087441D7F69460087CECC /* Homepwner */ = {
			isa = PBXGroup;
			children = (
				A00087451D7F69460087CECC /* AppDelegate.swift */,
				A00087491D7F69460087CECC /* Main.storyboard */,
				A000874C1D7F69460087CECC /* Assets.xcassets */,
				A000874E1D7F69460087CECC /* LaunchScreen.storyboard */,
				A00087511D7F69460087CECC /* Info.plist */,
				A00087571D7F69FE0087CECC /* ItemsViewController.swift */,
				A00087591D7F6AA10087CECC /* File.swift */,
				A000875B1D7F6DFC0087CECC /* ItemStore.swift */,
				A000875D1D808A760087CECC /* ItemCell.swift */,
				A092498E1D809EEE0005A988 /* DetailViewController.swift */,
			);
			path = Homepwner;
			sourceTree = "<group>";
		};
/* End PBXGroup section */

/* Begin PBXNativeTarget section */
		A00087411D7F69460087CECC /* Homepwner */ = {
			isa = PBXNativeTarget;
			buildConfigurationList = A00087541D7F69460087CECC /* Build configuration list for PBXNativeTarget "Homepwner" */;
			buildPhases = (
				A000873E1D7F69460087CECC /* Sources */,
				A000873F1D7F69460087CECC /* Frameworks */,
				A00087401D7F69460087CECC /* Resources */,
			);
			buildRules = (
			);
			dependencies = (
			);
			name = Homepwner;
			productName = Homepwner;
			productReference = A00087421D7F69460087CECC /* Homepwner.app */;
			productType = "com.apple.product-type.application";
		};
/* End PBXNativeTarget section */

/* Begin PBXProject section */
		A000873A1D7F69460087CECC /* Project object */ = {
			isa = PBXProject;
			attributes = {
				LastSwiftUpdateCheck = 0730;
				LastUpgradeCheck = 0730;
				ORGANIZATIONNAME = Domene;
				TargetAttributes = {
					A00087411D7F69460087CECC = {
						CreatedOnToolsVersion = 7.3.1;
					};
				};
			};
			buildConfigurationList = A000873D1D7F69460087CECC /* Build configuration list for PBXProject "Homepwner" */;
			compatibilityVersion = "Xcode 3.2";
			developmentRegion = English;
			hasScannedForEncodings = 0;
			knownRegions = (
				en,
				Base,
			);
			mainGroup = A00087391D7F69460087CECC;
			productRefGroup = A00087431D7F69460087CECC /* Products */;
			projectDirPath = "";
			projectRoot = "";
			targets = (
				A00087411D7F69460087CECC /* Homepwner */,
			);
		};
/* End PBXProject section */

/* Begin PBXResourcesBuildPhase section */
		A00087401D7F69460087CECC /* Resources */ = {
			isa = PBXResourcesBuildPhase;
			buildActionMask = 2147483647;
			files = (
				A00087501D7F69460087CECC /* LaunchScreen.storyboard in Resources */,
				A000874D1D7F69460087CECC /* Assets.xcassets in Resources */,
				A000874B1D7F69460087CECC /* Main.storyboard in Resources */,
			);
			runOnlyForDeploymentPostprocessing = 0;
		};
/* End PBXResourcesBuildPhase section */

/* Begin PBXSourcesBuildPhase section */
		A000873E1D7F69460087CECC /* Sources */ = {
			isa = PBXSourcesBuildPhase;
			buildActionMask = 2147483647;
			files = (
				A00087581D7F69FE0087CECC /* ItemsViewController.swift in Sources */,
				A000875A1D7F6AA10087CECC /* File.swift in Sources */,
				A000875C1D7F6DFC0087CECC /* ItemStore.swift in Sources */,
				A092498F1D809EEE0005A988 /* DetailViewController.swift in Sources */,
				A00087461D7F69460087CECC /* AppDelegate.swift in Sources */,
				A000875E1D808A760087CECC /* ItemCell.swift in Sources */,
			);
			runOnlyForDeploymentPostprocessing = 0;
		};
/* End PBXSourcesBuildPhase section */

/* Begin PBXVariantGroup section */
		A00087491D7F69460087CECC /* Main.storyboard */ = {
			isa = PBXVariantGroup;
			children = (
				A000874A1D7F69460087CECC /* Base */,
			);
			name = Main.storyboard;
			sourceTree = "<group>";
		};
		A000874E1D7F69460087CECC /* LaunchScreen.storyboard */ = {
			isa = PBXVariantGroup;
			children = (
				A000874F1D7F69460087CECC /* Base */,
			);
			name = LaunchScreen.storyboard;
			sourceTree = "<group>";
		};
/* End PBXVariantGroup section */

/* Begin XCBuildConfiguration section */
		A00087521D7F69460087CECC /* Debug */ = {
			isa = XCBuildConfiguration;
			buildSettings = {
				ALWAYS_SEARCH_USER_PATHS = NO;
				CLANG_ANALYZER_NONNULL = YES;
				CLANG_CXX_LANGUAGE_STANDARD = "gnu++0x";
				CLANG_CXX_LIBRARY = "libc++";
				CLANG_ENABLE_MODULES = YES;
				CLANG_ENABLE_OBJC_ARC = YES;
				CLANG_WARN_BOOL_CONVERSION = YES;
				CLANG_WARN_CONSTANT_CONVERSION = YES;
				CLANG_WARN_DIRECT_OBJC_ISA_USAGE = YES_ERROR;
				CLANG_WARN_EMPTY_BODY = YES;
				CLANG_WARN_ENUM_CONVERSION = YES;
				CLANG_WARN_INT_CONVERSION = YES;
				CLANG_WARN_OBJC_ROOT_CLASS = YES_ERROR;
				CLANG_WARN_UNREACHABLE_CODE = YES;
				CLANG_WARN__DUPLICATE_METHOD_MATCH = YES;
				"CODE_SIGN_IDENTITY[sdk=iphoneos*]" = "iPhone Developer";
				COPY_PHASE_STRIP = NO;
				DEBUG_INFORMATION_FORMAT = dwarf;
				ENABLE_STRICT_OBJC_MSGSEND = YES;
				ENABLE_TESTABILITY = YES;
				GCC_C_LANGUAGE_STANDARD = gnu99;
				GCC_DYNAMIC_NO_PIC = NO;
				GCC_NO_COMMON_BLOCKS = YES;
				GCC_OPTIMIZATION_LEVEL = 0;
				GCC_PREPROCESSOR_DEFINITIONS = (
					"DEBUG=1",
					"$(inherited)",
				);
				GCC_WARN_64_TO_32_BIT_CONVERSION = YES;
				GCC_WARN_ABOUT_RETURN_TYPE = YES_ERROR;
				GCC_WARN_UNDECLARED_SELECTOR = YES;
				GCC_WARN_UNINITIALIZED_AUTOS = YES_AGGRESSIVE;
				GCC_WARN_UNUSED_FUNCTION = YES;
				GCC_WARN_UNUSED_VARIABLE = YES;
				IPHONEOS_DEPLOYMENT_TARGET = 9.3;
				MTL_ENABLE_DEBUG_INFO = YES;
				ONLY_ACTIVE_ARCH = YES;
				SDKROOT = iphoneos;
				SWIFT_OPTIMIZATION_LEVEL = "-Onone";
			};
			name = Debug;
		};
		A00087531D7F69460087CECC /* Release */ = {
			isa = XCBuildConfiguration;
			buildSettings = {
				ALWAYS_SEARCH_USER_PATHS = NO;
				CLANG_ANALYZER_NONNULL = YES;
				CLANG_CXX_LANGUAGE_STANDARD = "gnu++0x";
				CLANG_CXX_LIBRARY = "libc++";
				CLANG_ENABLE_MODULES = YES;
				CLANG_ENABLE_OBJC_ARC = YES;
				CLANG_WARN_BOOL_CONVERSION = YES;
				CLANG_WARN_CONSTANT_CONVERSION = YES;
				CLANG_WARN_DIRECT_OBJC_ISA_USAGE = YES_ERROR;
				CLANG_WARN_EMPTY_BODY = YES;
				CLANG_WARN_ENUM_CONVERSION = YES;
				CLANG_WARN_INT_CONVERSION = YES;
				CLANG_WARN_OBJC_ROOT_CLASS = YES_ERROR;
				CLANG_WARN_UNREACHABLE_CODE = YES;
				CLANG_WARN__DUPLICATE_METHOD_MATCH = YES;
				"CODE_SIGN_IDENTITY[sdk=iphoneos*]" = "iPhone Developer";
				COPY_PHASE_STRIP = NO;
				DEBUG_INFORMATION_FORMAT = "dwarf-with-dsym";
				ENABLE_NS_ASSERTIONS = NO;
				ENABLE_STRICT_OBJC_MSGSEND = YES;
				GCC_C_LANGUAGE_STANDARD = gnu99;
				GCC_NO_COMMON_BLOCKS = YES;
				GCC_WARN_64_TO_32_BIT_CONVERSION = YES;
				GCC_WARN_ABOUT_RETURN_TYPE = YES_ERROR;
				GCC_WARN_UNDECLARED_SELECTOR = YES;
				GCC_WARN_UNINITIALIZED_AUTOS = YES_AGGRESSIVE;
				GCC_WARN_UNUSED_FUNCTION = YES;
				GCC_WARN_UNUSED_VARIABLE = YES;
				IPHONEOS_DEPLOYMENT_TARGET = 9.3;
				MTL_ENABLE_DEBUG_INFO = NO;
				SDKROOT = iphoneos;
				VALIDATE_PRODUCT = YES;
			};
			name = Release;
		};
		A00087551D7F69460087CECC /* Debug */ = {
			isa = XCBuildConfiguration;
			buildSettings = {
				ASSETCATALOG_COMPILER_APPICON_NAME = AppIcon;
				INFOPLIST_FILE = Homepwner/Info.plist;
				LD_RUNPATH_SEARCH_PATHS = "$(inherited) @executable_path/Frameworks";
				PRODUCT_BUNDLE_IDENTIFIER = com.domene.Homepwner;
				PRODUCT_NAME = "$(TARGET_NAME)";
			};
			name = Debug;
		};
		A00087561D7F69460087CECC /* Release */ = {
			isa = XCBuildConfiguration;
			buildSettings = {
				ASSETCATALOG_COMPILER_APPICON_NAME = AppIcon;
				INFOPLIST_FILE = Homepwner/Info.plist;
				LD_RUNPATH_SEARCH_PATHS = "$(inherited) @executable_path/Frameworks";
				PRODUCT_BUNDLE_IDENTIFIER = com.domene.Homepwner;
				PRODUCT_NAME = "$(TARGET_NAME)";
			};
			name = Release;
		};
/* End XCBuildConfiguration section */

/* Begin XCConfigurationList section */
		A000873D1D7F69460087CECC /* Build configuration list for PBXProject "Homepwner" */ = {
			isa = XCConfigurationList;
			buildConfigurations = (
				A00087521D7F69460087CECC /* Debug */,
				A00087531D7F69460087CECC /* Release */,
			);
			defaultConfigurationIsVisible = 0;
			defaultConfigurationName = Release;
		};
		A00087541D7F69460087CECC /* Build configuration list for PBXNativeTarget "Homepwner" */ = {
			isa = XCConfigurationList;
			buildConfigurations = (
				A00087551D7F69460087CECC /* Debug */,
				A00087561D7F69460087CECC /* Release */,
			);
			defaultConfigurationIsVisible = 0;
			defaultConfigurationName = Release;
		};
/* End XCConfigurationList section */
	};
	rootObject = A000873A1D7F69460087CECC /* Project object */;
}
