// !$*UTF8*$!
{
	archiveVersion = 1;
	classes = {
	};
	objectVersion = 46;
	objects = {

/* Begin PBXBuildFile section */
		A09438131DB8050600B12041 /* AppDelegate.swift in Sources */ = {isa = PBXBuildFile; fileRef = A09438121DB8050600B12041 /* AppDelegate.swift */; };
		A09438151DB8050600B12041 /* ViewController.swift in Sources */ = {isa = PBXBuildFile; fileRef = A09438141DB8050600B12041 /* ViewController.swift */; };
		A09438181DB8050600B12041 /* Main.storyboard in Resources */ = {isa = PBXBuildFile; fileRef = A09438161DB8050600B12041 /* Main.storyboard */; };
		A094381A1DB8050600B12041 /* Assets.xcassets in Resources */ = {isa = PBXBuildFile; fileRef = A09438191DB8050600B12041 /* Assets.xcassets */; };
		A094381D1DB8050600B12041 /* LaunchScreen.storyboard in Resources */ = {isa = PBXBuildFile; fileRef = A094381B1DB8050600B12041 /* LaunchScreen.storyboard */; };
/* End PBXBuildFile section */

/* Begin PBXFileReference section */
		A094380F1DB8050600B12041 /* TesteAPI.app */ = {isa = PBXFileReference; explicitFileType = wrapper.application; includeInIndex = 0; path = TesteAPI.app; sourceTree = BUILT_PRODUCTS_DIR; };
		A09438121DB8050600B12041 /* AppDelegate.swift */ = {isa = PBXFileReference; lastKnownFileType = sourcecode.swift; path = AppDelegate.swift; sourceTree = "<group>"; };
		A09438141DB8050600B12041 /* ViewController.swift */ = {isa = PBXFileReference; lastKnownFileType = sourcecode.swift; path = ViewController.swift; sourceTree = "<group>"; };
		A09438171DB8050600B12041 /* Base */ = {isa = PBXFileReference; lastKnownFileType = file.storyboard; name = Base; path = Base.lproj/Main.storyboard; sourceTree = "<group>"; };
		A09438191DB8050600B12041 /* Assets.xcassets */ = {isa = PBXFileReference; lastKnownFileType = folder.assetcatalog; path = Assets.xcassets; sourceTree = "<group>"; };
		A094381C1DB8050600B12041 /* Base */ = {isa = PBXFileReference; lastKnownFileType = file.storyboard; name = Base; path = Base.lproj/LaunchScreen.storyboard; sourceTree = "<group>"; };
		A094381E1DB8050600B12041 /* Info.plist */ = {isa = PBXFileReference; lastKnownFileType = text.plist.xml; path = Info.plist; sourceTree = "<group>"; };
/* End PBXFileReference section */

/* Begin PBXFrameworksBuildPhase section */
		A094380C1DB8050600B12041 /* Frameworks */ = {
			isa = PBXFrameworksBuildPhase;
			buildActionMask = 2147483647;
			files = (
			);
			runOnlyForDeploymentPostprocessing = 0;
		};
/* End PBXFrameworksBuildPhase section */

/* Begin PBXGroup section */
		A09438061DB8050600B12041 = {
			isa = PBXGroup;
			children = (
				A09438111DB8050600B12041 /* TesteAPI */,
				A09438101DB8050600B12041 /* Products */,
			);
			sourceTree = "<group>";
		};
		A09438101DB8050600B12041 /* Products */ = {
			isa = PBXGroup;
			children = (
				A094380F1DB8050600B12041 /* TesteAPI.app */,
			);
			name = Products;
			sourceTree = "<group>";
		};
		A09438111DB8050600B12041 /* TesteAPI */ = {
			isa = PBXGroup;
			children = (
				A09438121DB8050600B12041 /* AppDelegate.swift */,
				A09438141DB8050600B12041 /* ViewController.swift */,
				A09438161DB8050600B12041 /* Main.storyboard */,
				A09438191DB8050600B12041 /* Assets.xcassets */,
				A094381B1DB8050600B12041 /* LaunchScreen.storyboard */,
				A094381E1DB8050600B12041 /* Info.plist */,
			);
			path = TesteAPI;
			sourceTree = "<group>";
		};
/* End PBXGroup section */

/* Begin PBXNativeTarget section */
		A094380E1DB8050600B12041 /* TesteAPI */ = {
			isa = PBXNativeTarget;
			buildConfigurationList = A09438211DB8050600B12041 /* Build configuration list for PBXNativeTarget "TesteAPI" */;
			buildPhases = (
				A094380B1DB8050600B12041 /* Sources */,
				A094380C1DB8050600B12041 /* Frameworks */,
				A094380D1DB8050600B12041 /* Resources */,
			);
			buildRules = (
			);
			dependencies = (
			);
			name = TesteAPI;
			productName = TesteAPI;
			productReference = A094380F1DB8050600B12041 /* TesteAPI.app */;
			productType = "com.apple.product-type.application";
		};
/* End PBXNativeTarget section */

/* Begin PBXProject section */
		A09438071DB8050600B12041 /* Project object */ = {
			isa = PBXProject;
			attributes = {
				LastSwiftUpdateCheck = 0800;
				LastUpgradeCheck = 0800;
				ORGANIZATIONNAME = Domene;
				TargetAttributes = {
					A094380E1DB8050600B12041 = {
						CreatedOnToolsVersion = 8.0;
						DevelopmentTeam = 8VWQC7JGT6;
						ProvisioningStyle = Automatic;
					};
				};
			};
			buildConfigurationList = A094380A1DB8050600B12041 /* Build configuration list for PBXProject "TesteAPI" */;
			compatibilityVersion = "Xcode 3.2";
			developmentRegion = English;
			hasScannedForEncodings = 0;
			knownRegions = (
				en,
				Base,
			);
			mainGroup = A09438061DB8050600B12041;
			productRefGroup = A09438101DB8050600B12041 /* Products */;
			projectDirPath = "";
			projectRoot = "";
			targets = (
				A094380E1DB8050600B12041 /* TesteAPI */,
			);
		};
/* End PBXProject section */

/* Begin PBXResourcesBuildPhase section */
		A094380D1DB8050600B12041 /* Resources */ = {
			isa = PBXResourcesBuildPhase;
			buildActionMask = 2147483647;
			files = (
				A094381D1DB8050600B12041 /* LaunchScreen.storyboard in Resources */,
				A094381A1DB8050600B12041 /* Assets.xcassets in Resources */,
				A09438181DB8050600B12041 /* Main.storyboard in Resources */,
			);
			runOnlyForDeploymentPostprocessing = 0;
		};
/* End PBXResourcesBuildPhase section */

/* Begin PBXSourcesBuildPhase section */
		A094380B1DB8050600B12041 /* Sources */ = {
			isa = PBXSourcesBuildPhase;
			buildActionMask = 2147483647;
			files = (
				A09438151DB8050600B12041 /* ViewController.swift in Sources */,
				A09438131DB8050600B12041 /* AppDelegate.swift in Sources */,
			);
			runOnlyForDeploymentPostprocessing = 0;
		};
/* End PBXSourcesBuildPhase section */

/* Begin PBXVariantGroup section */
		A09438161DB8050600B12041 /* Main.storyboard */ = {
			isa = PBXVariantGroup;
			children = (
				A09438171DB8050600B12041 /* Base */,
			);
			name = Main.storyboard;
			sourceTree = "<group>";
		};
		A094381B1DB8050600B12041 /* LaunchScreen.storyboard */ = {
			isa = PBXVariantGroup;
			children = (
				A094381C1DB8050600B12041 /* Base */,
			);
			name = LaunchScreen.storyboard;
			sourceTree = "<group>";
		};
/* End PBXVariantGroup section */

/* Begin XCBuildConfiguration section */
		A094381F1DB8050600B12041 /* Debug */ = {
			isa = XCBuildConfiguration;
			buildSettings = {
				ALWAYS_SEARCH_USER_PATHS = NO;
				CLANG_ANALYZER_NONNULL = YES;
				CLANG_CXX_LANGUAGE_STANDARD = "gnu++0x";
				CLANG_CXX_LIBRARY = "libc++";
				CLANG_ENABLE_MODULES = YES;
				CLANG_ENABLE_OBJC_ARC = YES;
				CLANG_WARN_BOOL_CONVERSION = YES;
				CLANG_WARN_CONSTANT_CONVERSION = YES;
				CLANG_WARN_DIRECT_OBJC_ISA_USAGE = YES_ERROR;
				CLANG_WARN_DOCUMENTATION_COMMENTS = YES;
				CLANG_WARN_EMPTY_BODY = YES;
				CLANG_WARN_ENUM_CONVERSION = YES;
				CLANG_WARN_INFINITE_RECURSION = YES;
				CLANG_WARN_INT_CONVERSION = YES;
				CLANG_WARN_OBJC_ROOT_CLASS = YES_ERROR;
				CLANG_WARN_SUSPICIOUS_MOVES = YES;
				CLANG_WARN_UNREACHABLE_CODE = YES;
				CLANG_WARN__DUPLICATE_METHOD_MATCH = YES;
				"CODE_SIGN_IDENTITY[sdk=iphoneos*]" = "iPhone Developer";
				COPY_PHASE_STRIP = NO;
				DEBUG_INFORMATION_FORMAT = dwarf;
				ENABLE_STRICT_OBJC_MSGSEND = YES;
				ENABLE_TESTABILITY = YES;
				GCC_C_LANGUAGE_STANDARD = gnu99;
				GCC_DYNAMIC_NO_PIC = NO;
				GCC_NO_COMMON_BLOCKS = YES;
				GCC_OPTIMIZATION_LEVEL = 0;
				GCC_PREPROCESSOR_DEFINITIONS = (
					"DEBUG=1",
					"$(inherited)",
				);
				GCC_WARN_64_TO_32_BIT_CONVERSION = YES;
				GCC_WARN_ABOUT_RETURN_TYPE = YES_ERROR;
				GCC_WARN_UNDECLARED_SELECTOR = YES;
				GCC_WARN_UNINITIALIZED_AUTOS = YES_AGGRESSIVE;
				GCC_WARN_UNUSED_FUNCTION = YES;
				GCC_WARN_UNUSED_VARIABLE = YES;
				IPHONEOS_DEPLOYMENT_TARGET = 10.0;
				MTL_ENABLE_DEBUG_INFO = YES;
				ONLY_ACTIVE_ARCH = YES;
				SDKROOT = iphoneos;
				SWIFT_ACTIVE_COMPILATION_CONDITIONS = DEBUG;
				SWIFT_OPTIMIZATION_LEVEL = "-Onone";
				TARGETED_DEVICE_FAMILY = "1,2";
			};
			name = Debug;
		};
		A09438201DB8050600B12041 /* Release */ = {
			isa = XCBuildConfiguration;
			buildSettings = {
				ALWAYS_SEARCH_USER_PATHS = NO;
				CLANG_ANALYZER_NONNULL = YES;
				CLANG_CXX_LANGUAGE_STANDARD = "gnu++0x";
				CLANG_CXX_LIBRARY = "libc++";
				CLANG_ENABLE_MODULES = YES;
				CLANG_ENABLE_OBJC_ARC = YES;
				CLANG_WARN_BOOL_CONVERSION = YES;
				CLANG_WARN_CONSTANT_CONVERSION = YES;
				CLANG_WARN_DIRECT_OBJC_ISA_USAGE = YES_ERROR;
				CLANG_WARN_DOCUMENTATION_COMMENTS = YES;
				CLANG_WARN_EMPTY_BODY = YES;
				CLANG_WARN_ENUM_CONVERSION = YES;
				CLANG_WARN_INFINITE_RECURSION = YES;
				CLANG_WARN_INT_CONVERSION = YES;
				CLANG_WARN_OBJC_ROOT_CLASS = YES_ERROR;
				CLANG_WARN_SUSPICIOUS_MOVES = YES;
				CLANG_WARN_UNREACHABLE_CODE = YES;
				CLANG_WARN__DUPLICATE_METHOD_MATCH = YES;
				"CODE_SIGN_IDENTITY[sdk=iphoneos*]" = "iPhone Developer";
				COPY_PHASE_STRIP = NO;
				DEBUG_INFORMATION_FORMAT = "dwarf-with-dsym";
				ENABLE_NS_ASSERTIONS = NO;
				ENABLE_STRICT_OBJC_MSGSEND = YES;
				GCC_C_LANGUAGE_STANDARD = gnu99;
				GCC_NO_COMMON_BLOCKS = YES;
				GCC_WARN_64_TO_32_BIT_CONVERSION = YES;
				GCC_WARN_ABOUT_RETURN_TYPE = YES_ERROR;
				GCC_WARN_UNDECLARED_SELECTOR = YES;
				GCC_WARN_UNINITIALIZED_AUTOS = YES_AGGRESSIVE;
				GCC_WARN_UNUSED_FUNCTION = YES;
				GCC_WARN_UNUSED_VARIABLE = YES;
				IPHONEOS_DEPLOYMENT_TARGET = 10.0;
				MTL_ENABLE_DEBUG_INFO = NO;
				SDKROOT = iphoneos;
				SWIFT_OPTIMIZATION_LEVEL = "-Owholemodule";
				TARGETED_DEVICE_FAMILY = "1,2";
				VALIDATE_PRODUCT = YES;
			};
			name = Release;
		};
		A09438221DB8050600B12041 /* Debug */ = {
			isa = XCBuildConfiguration;
			buildSettings = {
				ASSETCATALOG_COMPILER_APPICON_NAME = AppIcon;
				DEVELOPMENT_TEAM = 8VWQC7JGT6;
				INFOPLIST_FILE = TesteAPI/Info.plist;
				LD_RUNPATH_SEARCH_PATHS = "$(inherited) @executable_path/Frameworks";
				PRODUCT_BUNDLE_IDENTIFIER = com.domene.TesteAPI;
				PRODUCT_NAME = "$(TARGET_NAME)";
				SWIFT_VERSION = 3.0;
			};
			name = Debug;
		};
		A09438231DB8050600B12041 /* Release */ = {
			isa = XCBuildConfiguration;
			buildSettings = {
				ASSETCATALOG_COMPILER_APPICON_NAME = AppIcon;
				DEVELOPMENT_TEAM = 8VWQC7JGT6;
				INFOPLIST_FILE = TesteAPI/Info.plist;
				LD_RUNPATH_SEARCH_PATHS = "$(inherited) @executable_path/Frameworks";
				PRODUCT_BUNDLE_IDENTIFIER = com.domene.TesteAPI;
				PRODUCT_NAME = "$(TARGET_NAME)";
				SWIFT_VERSION = 3.0;
			};
			name = Release;
		};
/* End XCBuildConfiguration section */

/* Begin XCConfigurationList section */
		A094380A1DB8050600B12041 /* Build configuration list for PBXProject "TesteAPI" */ = {
			isa = XCConfigurationList;
			buildConfigurations = (
				A094381F1DB8050600B12041 /* Debug */,
				A09438201DB8050600B12041 /* Release */,
			);
			defaultConfigurationIsVisible = 0;
			defaultConfigurationName = Release;
		};
		A09438211DB8050600B12041 /* Build configuration list for PBXNativeTarget "TesteAPI" */ = {
			isa = XCConfigurationList;
			buildConfigurations = (
				A09438221DB8050600B12041 /* Debug */,
				A09438231DB8050600B12041 /* Release */,
			);
			defaultConfigurationIsVisible = 0;
		};
/* End XCConfigurationList section */
	};
	rootObject = A09438071DB8050600B12041 /* Project object */;
}
