// !$*UTF8*$!
{
	archiveVersion = 1;
	classes = {
	};
	objectVersion = 46;
	objects = {

/* Begin PBXBuildFile section */
		A03E556E1D879136004CB247 /* AppDelegate.swift in Sources */ = {isa = PBXBuildFile; fileRef = A03E556D1D879136004CB247 /* AppDelegate.swift */; };
		A03E55731D879136004CB247 /* Main.storyboard in Resources */ = {isa = PBXBuildFile; fileRef = A03E55711D879136004CB247 /* Main.storyboard */; };
		A03E55751D879136004CB247 /* Assets.xcassets in Resources */ = {isa = PBXBuildFile; fileRef = A03E55741D879136004CB247 /* Assets.xcassets */; };
		A03E55781D879136004CB247 /* LaunchScreen.storyboard in Resources */ = {isa = PBXBuildFile; fileRef = A03E55761D879136004CB247 /* LaunchScreen.storyboard */; };
		A03E55801D879151004CB247 /* PhotosViewController.swift in Sources */ = {isa = PBXBuildFile; fileRef = A03E557F1D879151004CB247 /* PhotosViewController.swift */; };
		A03E55841D8793D1004CB247 /* FlickrAPI.swift in Sources */ = {isa = PBXBuildFile; fileRef = A03E55831D8793D1004CB247 /* FlickrAPI.swift */; };
		A03E558D1D879B6E004CB247 /* PhotoStore.swift in Sources */ = {isa = PBXBuildFile; fileRef = A03E558C1D879B6E004CB247 /* PhotoStore.swift */; };
		A03E55901D879EB9004CB247 /* Photo.swift in Sources */ = {isa = PBXBuildFile; fileRef = A03E558F1D879EB9004CB247 /* Photo.swift */; };
		A03E55921D8889AC004CB247 /* PhotoDataSource.swift in Sources */ = {isa = PBXBuildFile; fileRef = A03E55911D8889AC004CB247 /* PhotoDataSource.swift */; };
		A03E55971D888E0D004CB247 /* PhotoCollectionViewCell.swift in Sources */ = {isa = PBXBuildFile; fileRef = A03E55961D888E0D004CB247 /* PhotoCollectionViewCell.swift */; };
		A03E55991D889D14004CB247 /* PhotoInfoViewController.swift in Sources */ = {isa = PBXBuildFile; fileRef = A03E55981D889D14004CB247 /* PhotoInfoViewController.swift */; };
/* End PBXBuildFile section */

/* Begin PBXFileReference section */
		A03E556A1D879136004CB247 /* Photorama.app */ = {isa = PBXFileReference; explicitFileType = wrapper.application; includeInIndex = 0; path = Photorama.app; sourceTree = BUILT_PRODUCTS_DIR; };
		A03E556D1D879136004CB247 /* AppDelegate.swift */ = {isa = PBXFileReference; lastKnownFileType = sourcecode.swift; path = AppDelegate.swift; sourceTree = "<group>"; };
		A03E55721D879136004CB247 /* Base */ = {isa = PBXFileReference; lastKnownFileType = file.storyboard; name = Base; path = Base.lproj/Main.storyboard; sourceTree = "<group>"; };
		A03E55741D879136004CB247 /* Assets.xcassets */ = {isa = PBXFileReference; lastKnownFileType = folder.assetcatalog; path = Assets.xcassets; sourceTree = "<group>"; };
		A03E55771D879136004CB247 /* Base */ = {isa = PBXFileReference; lastKnownFileType = file.storyboard; name = Base; path = Base.lproj/LaunchScreen.storyboard; sourceTree = "<group>"; };
		A03E55791D879136004CB247 /* Info.plist */ = {isa = PBXFileReference; lastKnownFileType = text.plist.xml; path = Info.plist; sourceTree = "<group>"; };
		A03E557F1D879151004CB247 /* PhotosViewController.swift */ = {isa = PBXFileReference; fileEncoding = 4; lastKnownFileType = sourcecode.swift; path = PhotosViewController.swift; sourceTree = "<group>"; };
		A03E55831D8793D1004CB247 /* FlickrAPI.swift */ = {isa = PBXFileReference; fileEncoding = 4; lastKnownFileType = sourcecode.swift; path = FlickrAPI.swift; sourceTree = "<group>"; };
		A03E558C1D879B6E004CB247 /* PhotoStore.swift */ = {isa = PBXFileReference; fileEncoding = 4; lastKnownFileType = sourcecode.swift; path = PhotoStore.swift; sourceTree = "<group>"; };
		A03E558F1D879EB9004CB247 /* Photo.swift */ = {isa = PBXFileReference; fileEncoding = 4; lastKnownFileType = sourcecode.swift; path = Photo.swift; sourceTree = "<group>"; };
		A03E55911D8889AC004CB247 /* PhotoDataSource.swift */ = {isa = PBXFileReference; fileEncoding = 4; lastKnownFileType = sourcecode.swift; path = PhotoDataSource.swift; sourceTree = "<group>"; };
		A03E55961D888E0D004CB247 /* PhotoCollectionViewCell.swift */ = {isa = PBXFileReference; fileEncoding = 4; lastKnownFileType = sourcecode.swift; path = PhotoCollectionViewCell.swift; sourceTree = "<group>"; };
		A03E55981D889D14004CB247 /* PhotoInfoViewController.swift */ = {isa = PBXFileReference; fileEncoding = 4; lastKnownFileType = sourcecode.swift; path = PhotoInfoViewController.swift; sourceTree = "<group>"; };
/* End PBXFileReference section */

/* Begin PBXFrameworksBuildPhase section */
		A03E55671D879136004CB247 /* Frameworks */ = {
			isa = PBXFrameworksBuildPhase;
			buildActionMask = 2147483647;
			files = (
			);
			runOnlyForDeploymentPostprocessing = 0;
		};
/* End PBXFrameworksBuildPhase section */

/* Begin PBXGroup section */
		A03E55611D879136004CB247 = {
			isa = PBXGroup;
			children = (
				A03E556C1D879136004CB247 /* Photorama */,
				A03E556B1D879136004CB247 /* Products */,
			);
			sourceTree = "<group>";
		};
		A03E556B1D879136004CB247 /* Products */ = {
			isa = PBXGroup;
			children = (
				A03E556A1D879136004CB247 /* Photorama.app */,
			);
			name = Products;
			sourceTree = "<group>";
		};
		A03E556C1D879136004CB247 /* Photorama */ = {
			isa = PBXGroup;
			children = (
				A03E55951D888DD2004CB247 /* Views */,
				A03E55931D888DC6004CB247 /* DataManagers */,
				A03E558E1D879EB2004CB247 /* Models */,
				A03E55821D8793C2004CB247 /* Network */,
				A03E55811D87928C004CB247 /* ViewControllers */,
				A03E55711D879136004CB247 /* Main.storyboard */,
				A03E55741D879136004CB247 /* Assets.xcassets */,
				A03E55761D879136004CB247 /* LaunchScreen.storyboard */,
				A03E55791D879136004CB247 /* Info.plist */,
			);
			path = Photorama;
			sourceTree = "<group>";
		};
		A03E55811D87928C004CB247 /* ViewControllers */ = {
			isa = PBXGroup;
			children = (
				A03E557F1D879151004CB247 /* PhotosViewController.swift */,
				A03E556D1D879136004CB247 /* AppDelegate.swift */,
				A03E55981D889D14004CB247 /* PhotoInfoViewController.swift */,
			);
			name = ViewControllers;
			sourceTree = "<group>";
		};
		A03E55821D8793C2004CB247 /* Network */ = {
			isa = PBXGroup;
			children = (
				A03E55831D8793D1004CB247 /* FlickrAPI.swift */,
				A03E558C1D879B6E004CB247 /* PhotoStore.swift */,
			);
			name = Network;
			sourceTree = "<group>";
		};
		A03E558E1D879EB2004CB247 /* Models */ = {
			isa = PBXGroup;
			children = (
				A03E558F1D879EB9004CB247 /* Photo.swift */,
			);
			name = Models;
			sourceTree = "<group>";
		};
		A03E55931D888DC6004CB247 /* DataManagers */ = {
			isa = PBXGroup;
			children = (
				A03E55911D8889AC004CB247 /* PhotoDataSource.swift */,
			);
			name = DataManagers;
			sourceTree = "<group>";
		};
		A03E55951D888DD2004CB247 /* Views */ = {
			isa = PBXGroup;
			children = (
				A03E55961D888E0D004CB247 /* PhotoCollectionViewCell.swift */,
			);
			name = Views;
			sourceTree = "<group>";
		};
/* End PBXGroup section */

/* Begin PBXNativeTarget section */
		A03E55691D879136004CB247 /* Photorama */ = {
			isa = PBXNativeTarget;
			buildConfigurationList = A03E557C1D879136004CB247 /* Build configuration list for PBXNativeTarget "Photorama" */;
			buildPhases = (
				A03E55661D879136004CB247 /* Sources */,
				A03E55671D879136004CB247 /* Frameworks */,
				A03E55681D879136004CB247 /* Resources */,
			);
			buildRules = (
			);
			dependencies = (
			);
			name = Photorama;
			productName = Photorama;
			productReference = A03E556A1D879136004CB247 /* Photorama.app */;
			productType = "com.apple.product-type.application";
		};
/* End PBXNativeTarget section */

/* Begin PBXProject section */
		A03E55621D879136004CB247 /* Project object */ = {
			isa = PBXProject;
			attributes = {
				LastSwiftUpdateCheck = 0730;
				LastUpgradeCheck = 0730;
				ORGANIZATIONNAME = Domene;
				TargetAttributes = {
					A03E55691D879136004CB247 = {
						CreatedOnToolsVersion = 7.3.1;
						DevelopmentTeam = 8VWQC7JGT6;
					};
				};
			};
			buildConfigurationList = A03E55651D879136004CB247 /* Build configuration list for PBXProject "Photorama" */;
			compatibilityVersion = "Xcode 3.2";
			developmentRegion = English;
			hasScannedForEncodings = 0;
			knownRegions = (
				en,
				Base,
			);
			mainGroup = A03E55611D879136004CB247;
			productRefGroup = A03E556B1D879136004CB247 /* Products */;
			projectDirPath = "";
			projectRoot = "";
			targets = (
				A03E55691D879136004CB247 /* Photorama */,
			);
		};
/* End PBXProject section */

/* Begin PBXResourcesBuildPhase section */
		A03E55681D879136004CB247 /* Resources */ = {
			isa = PBXResourcesBuildPhase;
			buildActionMask = 2147483647;
			files = (
				A03E55781D879136004CB247 /* LaunchScreen.storyboard in Resources */,
				A03E55751D879136004CB247 /* Assets.xcassets in Resources */,
				A03E55731D879136004CB247 /* Main.storyboard in Resources */,
			);
			runOnlyForDeploymentPostprocessing = 0;
		};
/* End PBXResourcesBuildPhase section */

/* Begin PBXSourcesBuildPhase section */
		A03E55661D879136004CB247 /* Sources */ = {
			isa = PBXSourcesBuildPhase;
			buildActionMask = 2147483647;
			files = (
				A03E55841D8793D1004CB247 /* FlickrAPI.swift in Sources */,
				A03E55801D879151004CB247 /* PhotosViewController.swift in Sources */,
				A03E558D1D879B6E004CB247 /* PhotoStore.swift in Sources */,
				A03E55921D8889AC004CB247 /* PhotoDataSource.swift in Sources */,
				A03E55971D888E0D004CB247 /* PhotoCollectionViewCell.swift in Sources */,
				A03E55991D889D14004CB247 /* PhotoInfoViewController.swift in Sources */,
				A03E556E1D879136004CB247 /* AppDelegate.swift in Sources */,
				A03E55901D879EB9004CB247 /* Photo.swift in Sources */,
			);
			runOnlyForDeploymentPostprocessing = 0;
		};
/* End PBXSourcesBuildPhase section */

/* Begin PBXVariantGroup section */
		A03E55711D879136004CB247 /* Main.storyboard */ = {
			isa = PBXVariantGroup;
			children = (
				A03E55721D879136004CB247 /* Base */,
			);
			name = Main.storyboard;
			sourceTree = "<group>";
		};
		A03E55761D879136004CB247 /* LaunchScreen.storyboard */ = {
			isa = PBXVariantGroup;
			children = (
				A03E55771D879136004CB247 /* Base */,
			);
			name = LaunchScreen.storyboard;
			sourceTree = "<group>";
		};
/* End PBXVariantGroup section */

/* Begin XCBuildConfiguration section */
		A03E557A1D879136004CB247 /* Debug */ = {
			isa = XCBuildConfiguration;
			buildSettings = {
				ALWAYS_SEARCH_USER_PATHS = NO;
				CLANG_ANALYZER_NONNULL = YES;
				CLANG_CXX_LANGUAGE_STANDARD = "gnu++0x";
				CLANG_CXX_LIBRARY = "libc++";
				CLANG_ENABLE_MODULES = YES;
				CLANG_ENABLE_OBJC_ARC = YES;
				CLANG_WARN_BOOL_CONVERSION = YES;
				CLANG_WARN_CONSTANT_CONVERSION = YES;
				CLANG_WARN_DIRECT_OBJC_ISA_USAGE = YES_ERROR;
				CLANG_WARN_EMPTY_BODY = YES;
				CLANG_WARN_ENUM_CONVERSION = YES;
				CLANG_WARN_INT_CONVERSION = YES;
				CLANG_WARN_OBJC_ROOT_CLASS = YES_ERROR;
				CLANG_WARN_UNREACHABLE_CODE = YES;
				CLANG_WARN__DUPLICATE_METHOD_MATCH = YES;
				"CODE_SIGN_IDENTITY[sdk=iphoneos*]" = "iPhone Developer";
				COPY_PHASE_STRIP = NO;
				DEBUG_INFORMATION_FORMAT = dwarf;
				ENABLE_STRICT_OBJC_MSGSEND = YES;
				ENABLE_TESTABILITY = YES;
				GCC_C_LANGUAGE_STANDARD = gnu99;
				GCC_DYNAMIC_NO_PIC = NO;
				GCC_NO_COMMON_BLOCKS = YES;
				GCC_OPTIMIZATION_LEVEL = 0;
				GCC_PREPROCESSOR_DEFINITIONS = (
					"DEBUG=1",
					"$(inherited)",
				);
				GCC_WARN_64_TO_32_BIT_CONVERSION = YES;
				GCC_WARN_ABOUT_RETURN_TYPE = YES_ERROR;
				GCC_WARN_UNDECLARED_SELECTOR = YES;
				GCC_WARN_UNINITIALIZED_AUTOS = YES_AGGRESSIVE;
				GCC_WARN_UNUSED_FUNCTION = YES;
				GCC_WARN_UNUSED_VARIABLE = YES;
				IPHONEOS_DEPLOYMENT_TARGET = 9.3;
				MTL_ENABLE_DEBUG_INFO = YES;
				ONLY_ACTIVE_ARCH = YES;
				SDKROOT = iphoneos;
				SWIFT_OPTIMIZATION_LEVEL = "-Onone";
				TARGETED_DEVICE_FAMILY = "1,2";
			};
			name = Debug;
		};
		A03E557B1D879136004CB247 /* Release */ = {
			isa = XCBuildConfiguration;
			buildSettings = {
				ALWAYS_SEARCH_USER_PATHS = NO;
				CLANG_ANALYZER_NONNULL = YES;
				CLANG_CXX_LANGUAGE_STANDARD = "gnu++0x";
				CLANG_CXX_LIBRARY = "libc++";
				CLANG_ENABLE_MODULES = YES;
				CLANG_ENABLE_OBJC_ARC = YES;
				CLANG_WARN_BOOL_CONVERSION = YES;
				CLANG_WARN_CONSTANT_CONVERSION = YES;
				CLANG_WARN_DIRECT_OBJC_ISA_USAGE = YES_ERROR;
				CLANG_WARN_EMPTY_BODY = YES;
				CLANG_WARN_ENUM_CONVERSION = YES;
				CLANG_WARN_INT_CONVERSION = YES;
				CLANG_WARN_OBJC_ROOT_CLASS = YES_ERROR;
				CLANG_WARN_UNREACHABLE_CODE = YES;
				CLANG_WARN__DUPLICATE_METHOD_MATCH = YES;
				"CODE_SIGN_IDENTITY[sdk=iphoneos*]" = "iPhone Developer";
				COPY_PHASE_STRIP = NO;
				DEBUG_INFORMATION_FORMAT = "dwarf-with-dsym";
				ENABLE_NS_ASSERTIONS = NO;
				ENABLE_STRICT_OBJC_MSGSEND = YES;
				GCC_C_LANGUAGE_STANDARD = gnu99;
				GCC_NO_COMMON_BLOCKS = YES;
				GCC_WARN_64_TO_32_BIT_CONVERSION = YES;
				GCC_WARN_ABOUT_RETURN_TYPE = YES_ERROR;
				GCC_WARN_UNDECLARED_SELECTOR = YES;
				GCC_WARN_UNINITIALIZED_AUTOS = YES_AGGRESSIVE;
				GCC_WARN_UNUSED_FUNCTION = YES;
				GCC_WARN_UNUSED_VARIABLE = YES;
				IPHONEOS_DEPLOYMENT_TARGET = 9.3;
				MTL_ENABLE_DEBUG_INFO = NO;
				SDKROOT = iphoneos;
				TARGETED_DEVICE_FAMILY = "1,2";
				VALIDATE_PRODUCT = YES;
			};
			name = Release;
		};
		A03E557D1D879136004CB247 /* Debug */ = {
			isa = XCBuildConfiguration;
			buildSettings = {
				ASSETCATALOG_COMPILER_APPICON_NAME = AppIcon;
				INFOPLIST_FILE = Photorama/Info.plist;
				LD_RUNPATH_SEARCH_PATHS = "$(inherited) @executable_path/Frameworks";
				PRODUCT_BUNDLE_IDENTIFIER = com.domene.Photorama;
				PRODUCT_NAME = "$(TARGET_NAME)";
			};
			name = Debug;
		};
		A03E557E1D879136004CB247 /* Release */ = {
			isa = XCBuildConfiguration;
			buildSettings = {
				ASSETCATALOG_COMPILER_APPICON_NAME = AppIcon;
				INFOPLIST_FILE = Photorama/Info.plist;
				LD_RUNPATH_SEARCH_PATHS = "$(inherited) @executable_path/Frameworks";
				PRODUCT_BUNDLE_IDENTIFIER = com.domene.Photorama;
				PRODUCT_NAME = "$(TARGET_NAME)";
			};
			name = Release;
		};
/* End XCBuildConfiguration section */

/* Begin XCConfigurationList section */
		A03E55651D879136004CB247 /* Build configuration list for PBXProject "Photorama" */ = {
			isa = XCConfigurationList;
			buildConfigurations = (
				A03E557A1D879136004CB247 /* Debug */,
				A03E557B1D879136004CB247 /* Release */,
			);
			defaultConfigurationIsVisible = 0;
			defaultConfigurationName = Release;
		};
		A03E557C1D879136004CB247 /* Build configuration list for PBXNativeTarget "Photorama" */ = {
			isa = XCConfigurationList;
			buildConfigurations = (
				A03E557D1D879136004CB247 /* Debug */,
				A03E557E1D879136004CB247 /* Release */,
			);
			defaultConfigurationIsVisible = 0;
		};
/* End XCConfigurationList section */
	};
	rootObject = A03E55621D879136004CB247 /* Project object */;
}
